// !$*UTF8*$!
{
	archiveVersion = 1;
	classes = {
	};
	objectVersion = 50;
	objects = {

/* Begin PBXBuildFile section */
		212A876C2432F14A007C8669 /* ZoomInExtension.appex in Embed App Extensions */ = {isa = PBXBuildFile; fileRef = 212A876B2432F14A007C8669 /* ZoomInExtension.appex */; settings = {ATTRIBUTES = (RemoveHeadersOnCopy, ); }; };
		212A87712432F14A007C8669 /* Cocoa.framework in Frameworks */ = {isa = PBXBuildFile; fileRef = 212A87702432F14A007C8669 /* Cocoa.framework */; };
		218E05492433048A00DAF4A7 /* Assets.xcassets in Resources */ = {isa = PBXBuildFile; fileRef = 218E053C2433048A00DAF4A7 /* Assets.xcassets */; };
		218E054A2433048A00DAF4A7 /* Main.storyboard in Resources */ = {isa = PBXBuildFile; fileRef = 218E053D2433048A00DAF4A7 /* Main.storyboard */; };
		218E054C2433048A00DAF4A7 /* ViewController.swift in Sources */ = {isa = PBXBuildFile; fileRef = 218E05432433048A00DAF4A7 /* ViewController.swift */; };
		218E054D2433048A00DAF4A7 /* WindowController.swift in Sources */ = {isa = PBXBuildFile; fileRef = 218E05442433048A00DAF4A7 /* WindowController.swift */; };
		218E054E2433048A00DAF4A7 /* AppDelegate.swift in Sources */ = {isa = PBXBuildFile; fileRef = 218E05452433048A00DAF4A7 /* AppDelegate.swift */; };
		218E054F243304A200DAF4A7 /* script.js in Resources */ = {isa = PBXBuildFile; fileRef = 218E05342433048A00DAF4A7 /* script.js */; };
		218E0550243304AB00DAF4A7 /* SafariExtensionHandler.swift in Sources */ = {isa = PBXBuildFile; fileRef = 218E05392433048A00DAF4A7 /* SafariExtensionHandler.swift */; };
/* End PBXBuildFile section */

/* Begin PBXContainerItemProxy section */
		212A876D2432F14A007C8669 /* PBXContainerItemProxy */ = {
			isa = PBXContainerItemProxy;
			containerPortal = 212A87502432F149007C8669 /* Project object */;
			proxyType = 1;
			remoteGlobalIDString = 212A876A2432F14A007C8669;
			remoteInfo = "Zoom Now Extension";
		};
/* End PBXContainerItemProxy section */

/* Begin PBXCopyFilesBuildPhase section */
		212A87852432F14A007C8669 /* Embed App Extensions */ = {
			isa = PBXCopyFilesBuildPhase;
			buildActionMask = 2147483647;
			dstPath = "";
			dstSubfolderSpec = 13;
			files = (
				212A876C2432F14A007C8669 /* ZoomInExtension.appex in Embed App Extensions */,
			);
			name = "Embed App Extensions";
			runOnlyForDeploymentPostprocessing = 0;
		};
/* End PBXCopyFilesBuildPhase section */

/* Begin PBXFileReference section */
		212A87582432F149007C8669 /* ZoomIn.app */ = {isa = PBXFileReference; explicitFileType = wrapper.application; includeInIndex = 0; path = ZoomIn.app; sourceTree = BUILT_PRODUCTS_DIR; };
		212A876B2432F14A007C8669 /* ZoomInExtension.appex */ = {isa = PBXFileReference; explicitFileType = "wrapper.app-extension"; includeInIndex = 0; path = ZoomInExtension.appex; sourceTree = BUILT_PRODUCTS_DIR; };
		212A87702432F14A007C8669 /* Cocoa.framework */ = {isa = PBXFileReference; lastKnownFileType = wrapper.framework; name = Cocoa.framework; path = System/Library/Frameworks/Cocoa.framework; sourceTree = SDKROOT; };
		218E05342433048A00DAF4A7 /* script.js */ = {isa = PBXFileReference; fileEncoding = 4; lastKnownFileType = sourcecode.javascript; path = script.js; sourceTree = "<group>"; };
		218E05362433048A00DAF4A7 /* ZoomInExtension.entitlements */ = {isa = PBXFileReference; fileEncoding = 4; lastKnownFileType = text.plist.entitlements; path = ZoomInExtension.entitlements; sourceTree = "<group>"; };
		218E05372433048A00DAF4A7 /* Info.plist */ = {isa = PBXFileReference; fileEncoding = 4; lastKnownFileType = text.plist.xml; path = Info.plist; sourceTree = "<group>"; };
		218E05392433048A00DAF4A7 /* SafariExtensionHandler.swift */ = {isa = PBXFileReference; fileEncoding = 4; lastKnownFileType = sourcecode.swift; path = SafariExtensionHandler.swift; sourceTree = "<group>"; };
		218E053C2433048A00DAF4A7 /* Assets.xcassets */ = {isa = PBXFileReference; lastKnownFileType = folder.assetcatalog; path = Assets.xcassets; sourceTree = "<group>"; };
		218E053E2433048A00DAF4A7 /* Base */ = {isa = PBXFileReference; lastKnownFileType = file.storyboard; name = Base; path = Base.lproj/Main.storyboard; sourceTree = "<group>"; };
		218E05402433048A00DAF4A7 /* ZoomIn.entitlements */ = {isa = PBXFileReference; fileEncoding = 4; lastKnownFileType = text.plist.entitlements; path = ZoomIn.entitlements; sourceTree = "<group>"; };
		218E05412433048A00DAF4A7 /* Info.plist */ = {isa = PBXFileReference; fileEncoding = 4; lastKnownFileType = text.plist.xml; path = Info.plist; sourceTree = "<group>"; };
		218E05432433048A00DAF4A7 /* ViewController.swift */ = {isa = PBXFileReference; fileEncoding = 4; lastKnownFileType = sourcecode.swift; path = ViewController.swift; sourceTree = "<group>"; };
		218E05442433048A00DAF4A7 /* WindowController.swift */ = {isa = PBXFileReference; fileEncoding = 4; lastKnownFileType = sourcecode.swift; path = WindowController.swift; sourceTree = "<group>"; };
		218E05452433048A00DAF4A7 /* AppDelegate.swift */ = {isa = PBXFileReference; fileEncoding = 4; lastKnownFileType = sourcecode.swift; path = AppDelegate.swift; sourceTree = "<group>"; };
/* End PBXFileReference section */

/* Begin PBXFrameworksBuildPhase section */
		212A87552432F149007C8669 /* Frameworks */ = {
			isa = PBXFrameworksBuildPhase;
			buildActionMask = 2147483647;
			files = (
			);
			runOnlyForDeploymentPostprocessing = 0;
		};
		212A87682432F14A007C8669 /* Frameworks */ = {
			isa = PBXFrameworksBuildPhase;
			buildActionMask = 2147483647;
			files = (
				212A87712432F14A007C8669 /* Cocoa.framework in Frameworks */,
			);
			runOnlyForDeploymentPostprocessing = 0;
		};
/* End PBXFrameworksBuildPhase section */

/* Begin PBXGroup section */
		212A874F2432F149007C8669 = {
			isa = PBXGroup;
			children = (
				218E05312433048A00DAF4A7 /* Modules */,
				212A876F2432F14A007C8669 /* Frameworks */,
				212A87592432F149007C8669 /* Products */,
			);
			sourceTree = "<group>";
		};
		212A87592432F149007C8669 /* Products */ = {
			isa = PBXGroup;
			children = (
				212A87582432F149007C8669 /* ZoomIn.app */,
				212A876B2432F14A007C8669 /* ZoomInExtension.appex */,
			);
			name = Products;
			sourceTree = "<group>";
		};
		212A876F2432F14A007C8669 /* Frameworks */ = {
			isa = PBXGroup;
			children = (
				212A87702432F14A007C8669 /* Cocoa.framework */,
			);
			name = Frameworks;
			sourceTree = "<group>";
		};
		218E05312433048A00DAF4A7 /* Modules */ = {
			isa = PBXGroup;
			children = (
				218E053A2433048A00DAF4A7 /* ZoomIn */,
				218E05322433048A00DAF4A7 /* ZoomInExtension */,
			);
			path = Modules;
			sourceTree = "<group>";
		};
		218E05322433048A00DAF4A7 /* ZoomInExtension */ = {
			isa = PBXGroup;
			children = (
				218E05332433048A00DAF4A7 /* Resources */,
				218E05352433048A00DAF4A7 /* Support */,
				218E05382433048A00DAF4A7 /* Sources */,
			);
			path = ZoomInExtension;
			sourceTree = "<group>";
		};
		218E05332433048A00DAF4A7 /* Resources */ = {
			isa = PBXGroup;
			children = (
				218E05342433048A00DAF4A7 /* script.js */,
			);
			path = Resources;
			sourceTree = "<group>";
		};
		218E05352433048A00DAF4A7 /* Support */ = {
			isa = PBXGroup;
			children = (
				218E05362433048A00DAF4A7 /* ZoomInExtension.entitlements */,
				218E05372433048A00DAF4A7 /* Info.plist */,
			);
			path = Support;
			sourceTree = "<group>";
		};
		218E05382433048A00DAF4A7 /* Sources */ = {
			isa = PBXGroup;
			children = (
				218E05392433048A00DAF4A7 /* SafariExtensionHandler.swift */,
			);
			path = Sources;
			sourceTree = "<group>";
		};
		218E053A2433048A00DAF4A7 /* ZoomIn */ = {
			isa = PBXGroup;
			children = (
				218E053B2433048A00DAF4A7 /* Resources */,
				218E053F2433048A00DAF4A7 /* Support */,
				218E05422433048A00DAF4A7 /* Sources */,
			);
			path = ZoomIn;
			sourceTree = "<group>";
		};
		218E053B2433048A00DAF4A7 /* Resources */ = {
			isa = PBXGroup;
			children = (
				218E053C2433048A00DAF4A7 /* Assets.xcassets */,
				218E053D2433048A00DAF4A7 /* Main.storyboard */,
			);
			path = Resources;
			sourceTree = "<group>";
		};
		218E053F2433048A00DAF4A7 /* Support */ = {
			isa = PBXGroup;
			children = (
				218E05402433048A00DAF4A7 /* ZoomIn.entitlements */,
				218E05412433048A00DAF4A7 /* Info.plist */,
			);
			path = Support;
			sourceTree = "<group>";
		};
		218E05422433048A00DAF4A7 /* Sources */ = {
			isa = PBXGroup;
			children = (
				218E05432433048A00DAF4A7 /* ViewController.swift */,
				218E05442433048A00DAF4A7 /* WindowController.swift */,
				218E05452433048A00DAF4A7 /* AppDelegate.swift */,
			);
			path = Sources;
			sourceTree = "<group>";
		};
/* End PBXGroup section */

/* Begin PBXNativeTarget section */
		212A87572432F149007C8669 /* ZoomIn */ = {
			isa = PBXNativeTarget;
			buildConfigurationList = 212A87862432F14A007C8669 /* Build configuration list for PBXNativeTarget "ZoomIn" */;
			buildPhases = (
				212A87542432F149007C8669 /* Sources */,
				212A87552432F149007C8669 /* Frameworks */,
				212A87562432F149007C8669 /* Resources */,
				212A87852432F14A007C8669 /* Embed App Extensions */,
			);
			buildRules = (
			);
			dependencies = (
				212A876E2432F14A007C8669 /* PBXTargetDependency */,
			);
			name = ZoomIn;
			productName = "Zoom Now";
			productReference = 212A87582432F149007C8669 /* ZoomIn.app */;
			productType = "com.apple.product-type.application";
		};
		212A876A2432F14A007C8669 /* ZoomInExtension */ = {
			isa = PBXNativeTarget;
			buildConfigurationList = 212A87822432F14A007C8669 /* Build configuration list for PBXNativeTarget "ZoomInExtension" */;
			buildPhases = (
				212A87672432F14A007C8669 /* Sources */,
				212A87682432F14A007C8669 /* Frameworks */,
				212A87692432F14A007C8669 /* Resources */,
			);
			buildRules = (
			);
			dependencies = (
			);
			name = ZoomInExtension;
			productName = "Zoom Now Extension";
			productReference = 212A876B2432F14A007C8669 /* ZoomInExtension.appex */;
			productType = "com.apple.product-type.app-extension";
		};
/* End PBXNativeTarget section */

/* Begin PBXProject section */
		212A87502432F149007C8669 /* Project object */ = {
			isa = PBXProject;
			attributes = {
				LastSwiftUpdateCheck = 1140;
				LastUpgradeCheck = 1140;
				ORGANIZATIONNAME = "Sam Soffes";
				TargetAttributes = {
					212A87572432F149007C8669 = {
						CreatedOnToolsVersion = 11.4;
					};
					212A876A2432F14A007C8669 = {
						CreatedOnToolsVersion = 11.4;
					};
				};
			};
			buildConfigurationList = 212A87532432F149007C8669 /* Build configuration list for PBXProject "ZoomIn" */;
			compatibilityVersion = "Xcode 9.3";
			developmentRegion = en;
			hasScannedForEncodings = 0;
			knownRegions = (
				en,
				Base,
			);
			mainGroup = 212A874F2432F149007C8669;
			productRefGroup = 212A87592432F149007C8669 /* Products */;
			projectDirPath = "";
			projectRoot = "";
			targets = (
				212A87572432F149007C8669 /* ZoomIn */,
				212A876A2432F14A007C8669 /* ZoomInExtension */,
			);
		};
/* End PBXProject section */

/* Begin PBXResourcesBuildPhase section */
		212A87562432F149007C8669 /* Resources */ = {
			isa = PBXResourcesBuildPhase;
			buildActionMask = 2147483647;
			files = (
				218E05492433048A00DAF4A7 /* Assets.xcassets in Resources */,
				218E054A2433048A00DAF4A7 /* Main.storyboard in Resources */,
			);
			runOnlyForDeploymentPostprocessing = 0;
		};
		212A87692432F14A007C8669 /* Resources */ = {
			isa = PBXResourcesBuildPhase;
			buildActionMask = 2147483647;
			files = (
				218E054F243304A200DAF4A7 /* script.js in Resources */,
			);
			runOnlyForDeploymentPostprocessing = 0;
		};
/* End PBXResourcesBuildPhase section */

/* Begin PBXSourcesBuildPhase section */
		212A87542432F149007C8669 /* Sources */ = {
			isa = PBXSourcesBuildPhase;
			buildActionMask = 2147483647;
			files = (
				218E054E2433048A00DAF4A7 /* AppDelegate.swift in Sources */,
				218E054C2433048A00DAF4A7 /* ViewController.swift in Sources */,
				218E054D2433048A00DAF4A7 /* WindowController.swift in Sources */,
			);
			runOnlyForDeploymentPostprocessing = 0;
		};
		212A87672432F14A007C8669 /* Sources */ = {
			isa = PBXSourcesBuildPhase;
			buildActionMask = 2147483647;
			files = (
				218E0550243304AB00DAF4A7 /* SafariExtensionHandler.swift in Sources */,
			);
			runOnlyForDeploymentPostprocessing = 0;
		};
/* End PBXSourcesBuildPhase section */

/* Begin PBXTargetDependency section */
		212A876E2432F14A007C8669 /* PBXTargetDependency */ = {
			isa = PBXTargetDependency;
			target = 212A876A2432F14A007C8669 /* ZoomInExtension */;
			targetProxy = 212A876D2432F14A007C8669 /* PBXContainerItemProxy */;
		};
/* End PBXTargetDependency section */

/* Begin PBXVariantGroup section */
		218E053D2433048A00DAF4A7 /* Main.storyboard */ = {
			isa = PBXVariantGroup;
			children = (
				218E053E2433048A00DAF4A7 /* Base */,
			);
			name = Main.storyboard;
			sourceTree = "<group>";
		};
/* End PBXVariantGroup section */

/* Begin XCBuildConfiguration section */
		212A87802432F14A007C8669 /* Debug */ = {
			isa = XCBuildConfiguration;
			buildSettings = {
				ALWAYS_SEARCH_USER_PATHS = NO;
				CLANG_ANALYZER_NONNULL = YES;
				CLANG_ANALYZER_NUMBER_OBJECT_CONVERSION = YES_AGGRESSIVE;
				CLANG_CXX_LANGUAGE_STANDARD = "gnu++14";
				CLANG_CXX_LIBRARY = "libc++";
				CLANG_ENABLE_MODULES = YES;
				CLANG_ENABLE_OBJC_ARC = YES;
				CLANG_ENABLE_OBJC_WEAK = YES;
				CLANG_WARN_BLOCK_CAPTURE_AUTORELEASING = YES;
				CLANG_WARN_BOOL_CONVERSION = YES;
				CLANG_WARN_COMMA = YES;
				CLANG_WARN_CONSTANT_CONVERSION = YES;
				CLANG_WARN_DEPRECATED_OBJC_IMPLEMENTATIONS = YES;
				CLANG_WARN_DIRECT_OBJC_ISA_USAGE = YES_ERROR;
				CLANG_WARN_DOCUMENTATION_COMMENTS = YES;
				CLANG_WARN_EMPTY_BODY = YES;
				CLANG_WARN_ENUM_CONVERSION = YES;
				CLANG_WARN_INFINITE_RECURSION = YES;
				CLANG_WARN_INT_CONVERSION = YES;
				CLANG_WARN_NON_LITERAL_NULL_CONVERSION = YES;
				CLANG_WARN_OBJC_IMPLICIT_RETAIN_SELF = YES;
				CLANG_WARN_OBJC_LITERAL_CONVERSION = YES;
				CLANG_WARN_OBJC_ROOT_CLASS = YES_ERROR;
				CLANG_WARN_RANGE_LOOP_ANALYSIS = YES;
				CLANG_WARN_STRICT_PROTOTYPES = YES;
				CLANG_WARN_SUSPICIOUS_MOVE = YES;
				CLANG_WARN_UNGUARDED_AVAILABILITY = YES_AGGRESSIVE;
				CLANG_WARN_UNREACHABLE_CODE = YES;
				CLANG_WARN__DUPLICATE_METHOD_MATCH = YES;
				COPY_PHASE_STRIP = NO;
				DEBUG_INFORMATION_FORMAT = dwarf;
				ENABLE_STRICT_OBJC_MSGSEND = YES;
				ENABLE_TESTABILITY = YES;
				GCC_C_LANGUAGE_STANDARD = gnu11;
				GCC_DYNAMIC_NO_PIC = NO;
				GCC_NO_COMMON_BLOCKS = YES;
				GCC_OPTIMIZATION_LEVEL = 0;
				GCC_PREPROCESSOR_DEFINITIONS = (
					"DEBUG=1",
					"$(inherited)",
				);
				GCC_WARN_64_TO_32_BIT_CONVERSION = YES;
				GCC_WARN_ABOUT_RETURN_TYPE = YES_ERROR;
				GCC_WARN_UNDECLARED_SELECTOR = YES;
				GCC_WARN_UNINITIALIZED_AUTOS = YES_AGGRESSIVE;
				GCC_WARN_UNUSED_FUNCTION = YES;
				GCC_WARN_UNUSED_VARIABLE = YES;
				MACOSX_DEPLOYMENT_TARGET = 10.15;
				MTL_ENABLE_DEBUG_INFO = INCLUDE_SOURCE;
				MTL_FAST_MATH = YES;
				ONLY_ACTIVE_ARCH = YES;
				SDKROOT = macosx;
				SWIFT_ACTIVE_COMPILATION_CONDITIONS = DEBUG;
				SWIFT_OPTIMIZATION_LEVEL = "-Onone";
			};
			name = Debug;
		};
		212A87812432F14A007C8669 /* Release */ = {
			isa = XCBuildConfiguration;
			buildSettings = {
				ALWAYS_SEARCH_USER_PATHS = NO;
				CLANG_ANALYZER_NONNULL = YES;
				CLANG_ANALYZER_NUMBER_OBJECT_CONVERSION = YES_AGGRESSIVE;
				CLANG_CXX_LANGUAGE_STANDARD = "gnu++14";
				CLANG_CXX_LIBRARY = "libc++";
				CLANG_ENABLE_MODULES = YES;
				CLANG_ENABLE_OBJC_ARC = YES;
				CLANG_ENABLE_OBJC_WEAK = YES;
				CLANG_WARN_BLOCK_CAPTURE_AUTORELEASING = YES;
				CLANG_WARN_BOOL_CONVERSION = YES;
				CLANG_WARN_COMMA = YES;
				CLANG_WARN_CONSTANT_CONVERSION = YES;
				CLANG_WARN_DEPRECATED_OBJC_IMPLEMENTATIONS = YES;
				CLANG_WARN_DIRECT_OBJC_ISA_USAGE = YES_ERROR;
				CLANG_WARN_DOCUMENTATION_COMMENTS = YES;
				CLANG_WARN_EMPTY_BODY = YES;
				CLANG_WARN_ENUM_CONVERSION = YES;
				CLANG_WARN_INFINITE_RECURSION = YES;
				CLANG_WARN_INT_CONVERSION = YES;
				CLANG_WARN_NON_LITERAL_NULL_CONVERSION = YES;
				CLANG_WARN_OBJC_IMPLICIT_RETAIN_SELF = YES;
				CLANG_WARN_OBJC_LITERAL_CONVERSION = YES;
				CLANG_WARN_OBJC_ROOT_CLASS = YES_ERROR;
				CLANG_WARN_RANGE_LOOP_ANALYSIS = YES;
				CLANG_WARN_STRICT_PROTOTYPES = YES;
				CLANG_WARN_SUSPICIOUS_MOVE = YES;
				CLANG_WARN_UNGUARDED_AVAILABILITY = YES_AGGRESSIVE;
				CLANG_WARN_UNREACHABLE_CODE = YES;
				CLANG_WARN__DUPLICATE_METHOD_MATCH = YES;
				COPY_PHASE_STRIP = NO;
				DEBUG_INFORMATION_FORMAT = "dwarf-with-dsym";
				ENABLE_NS_ASSERTIONS = NO;
				ENABLE_STRICT_OBJC_MSGSEND = YES;
				GCC_C_LANGUAGE_STANDARD = gnu11;
				GCC_NO_COMMON_BLOCKS = YES;
				GCC_WARN_64_TO_32_BIT_CONVERSION = YES;
				GCC_WARN_ABOUT_RETURN_TYPE = YES_ERROR;
				GCC_WARN_UNDECLARED_SELECTOR = YES;
				GCC_WARN_UNINITIALIZED_AUTOS = YES_AGGRESSIVE;
				GCC_WARN_UNUSED_FUNCTION = YES;
				GCC_WARN_UNUSED_VARIABLE = YES;
				MACOSX_DEPLOYMENT_TARGET = 10.15;
				MTL_ENABLE_DEBUG_INFO = NO;
				MTL_FAST_MATH = YES;
				SDKROOT = macosx;
				SWIFT_COMPILATION_MODE = wholemodule;
				SWIFT_OPTIMIZATION_LEVEL = "-O";
			};
			name = Release;
		};
		212A87832432F14A007C8669 /* Debug */ = {
			isa = XCBuildConfiguration;
			buildSettings = {
				CODE_SIGN_ENTITLEMENTS = Modules/ZoomInExtension/Support/ZoomInExtension.entitlements;
				CODE_SIGN_STYLE = Automatic;
				DEVELOPMENT_TEAM = UP9C8XM22A;
				ENABLE_HARDENED_RUNTIME = YES;
				INFOPLIST_FILE = Modules/ZoomInExtension/Support/Info.plist;
				LD_RUNPATH_SEARCH_PATHS = (
					"$(inherited)",
					"@executable_path/../Frameworks",
					"@executable_path/../../../../Frameworks",
				);
				PRODUCT_BUNDLE_IDENTIFIER = "com.nothingmagical.zoom-in.extension";
				PRODUCT_NAME = "$(TARGET_NAME)";
				SKIP_INSTALL = YES;
				SWIFT_VERSION = 5.0;
			};
			name = Debug;
		};
		212A87842432F14A007C8669 /* Release */ = {
			isa = XCBuildConfiguration;
			buildSettings = {
				CODE_SIGN_ENTITLEMENTS = Modules/ZoomInExtension/Support/ZoomInExtension.entitlements;
				CODE_SIGN_STYLE = Automatic;
				DEVELOPMENT_TEAM = UP9C8XM22A;
				ENABLE_HARDENED_RUNTIME = YES;
				INFOPLIST_FILE = Modules/ZoomInExtension/Support/Info.plist;
				LD_RUNPATH_SEARCH_PATHS = (
					"$(inherited)",
					"@executable_path/../Frameworks",
					"@executable_path/../../../../Frameworks",
				);
				PRODUCT_BUNDLE_IDENTIFIER = "com.nothingmagical.zoom-in.extension";
				PRODUCT_NAME = "$(TARGET_NAME)";
				SKIP_INSTALL = YES;
				SWIFT_VERSION = 5.0;
			};
			name = Release;
		};
		212A87872432F14A007C8669 /* Debug */ = {
			isa = XCBuildConfiguration;
			buildSettings = {
				ALWAYS_EMBED_SWIFT_STANDARD_LIBRARIES = YES;
				ASSETCATALOG_COMPILER_APPICON_NAME = AppIcon;
				CODE_SIGN_ENTITLEMENTS = Modules/ZoomIn/Support/ZoomIn.entitlements;
				CODE_SIGN_STYLE = Automatic;
				COMBINE_HIDPI_IMAGES = YES;
				DEVELOPMENT_TEAM = UP9C8XM22A;
				ENABLE_HARDENED_RUNTIME = YES;
				INFOPLIST_FILE = Modules/ZoomIn/Support/Info.plist;
				LD_RUNPATH_SEARCH_PATHS = (
					"$(inherited)",
					"@executable_path/../Frameworks",
				);
				PRODUCT_BUNDLE_IDENTIFIER = "com.nothingmagical.zoom-in";
				PRODUCT_NAME = "$(TARGET_NAME)";
				SWIFT_VERSION = 5.0;
			};
			name = Debug;
		};
		212A87882432F14A007C8669 /* Release */ = {
			isa = XCBuildConfiguration;
			buildSettings = {
				ALWAYS_EMBED_SWIFT_STANDARD_LIBRARIES = YES;
				ASSETCATALOG_COMPILER_APPICON_NAME = AppIcon;
				CODE_SIGN_ENTITLEMENTS = Modules/ZoomIn/Support/ZoomIn.entitlements;
				CODE_SIGN_STYLE = Automatic;
				COMBINE_HIDPI_IMAGES = YES;
				DEVELOPMENT_TEAM = UP9C8XM22A;
				ENABLE_HARDENED_RUNTIME = YES;
				INFOPLIST_FILE = Modules/ZoomIn/Support/Info.plist;
				LD_RUNPATH_SEARCH_PATHS = (
					"$(inherited)",
					"@executable_path/../Frameworks",
				);
				PRODUCT_BUNDLE_IDENTIFIER = "com.nothingmagical.zoom-in";
				PRODUCT_NAME = "$(TARGET_NAME)";
				SWIFT_VERSION = 5.0;
			};
			name = Release;
		};
/* End XCBuildConfiguration section */

/* Begin XCConfigurationList section */
		212A87532432F149007C8669 /* Build configuration list for PBXProject "ZoomIn" */ = {
			isa = XCConfigurationList;
			buildConfigurations = (
				212A87802432F14A007C8669 /* Debug */,
				212A87812432F14A007C8669 /* Release */,
			);
			defaultConfigurationIsVisible = 0;
			defaultConfigurationName = Release;
		};
		212A87822432F14A007C8669 /* Build configuration list for PBXNativeTarget "ZoomInExtension" */ = {
			isa = XCConfigurationList;
			buildConfigurations = (
				212A87832432F14A007C8669 /* Debug */,
				212A87842432F14A007C8669 /* Release */,
			);
			defaultConfigurationIsVisible = 0;
			defaultConfigurationName = Release;
		};
		212A87862432F14A007C8669 /* Build configuration list for PBXNativeTarget "ZoomIn" */ = {
			isa = XCConfigurationList;
			buildConfigurations = (
				212A87872432F14A007C8669 /* Debug */,
				212A87882432F14A007C8669 /* Release */,
			);
			defaultConfigurationIsVisible = 0;
			defaultConfigurationName = Release;
		};
/* End XCConfigurationList section */
	};
	rootObject = 212A87502432F149007C8669 /* Project object */;
}
